
Microsoft Visual Studio Solution File, Format Version 12.00
# Visual Studio Version 17
VisualStudioVersion = 17.8.34330.188
MinimumVisualStudioVersion = 10.0.40219.1
Project("{FAE04EC0-301F-11D3-BF4B-00C04F79EFBC}") = "AGWorld-Listings-App", "AGWorld-Listings-App\AGWorld-Listings-App.csproj", "{8C862021-A8AB-48CF-B974-33239F494A42}"
EndProject
Global
	GlobalSection(SolutionConfigurationPlatforms) = preSolution
		Debug|Any CPU = Debug|Any CPU
		Release|Any CPU = Release|Any CPU
	EndGlobalSection
	GlobalSection(ProjectConfigurationPlatforms) = postSolution
		{8C862021-A8AB-48CF-B974-33239F494A42}.Debug|Any CPU.ActiveCfg = Debug|Any CPU
		{8C862021-A8AB-48CF-B974-33239F494A42}.Debug|Any CPU.Build.0 = Debug|Any CPU
		{8C862021-A8AB-48CF-B974-33239F494A42}.Release|Any CPU.ActiveCfg = Release|Any CPU
		{8C862021-A8AB-48CF-B974-33239F494A42}.Release|Any CPU.Build.0 = Release|Any CPU
	EndGlobalSection
	GlobalSection(SolutionProperties) = preSolution
		HideSolutionNode = FALSE
	EndGlobalSection
	GlobalSection(ExtensibilityGlobals) = postSolution
		SolutionGuid = {D13876E6-6838-4BFD-89B4-E233E01C9F67}
	EndGlobalSection
EndGlobal
